
Microsoft Visual Studio Solution File, Format Version 12.00
# Visual Studio Version 17
VisualStudioVersion = 17.13.35913.81 d17.13
MinimumVisualStudioVersion = 10.0.40219.1
Project("{FAE04EC0-301F-11D3-BF4B-00C04F79EFBC}") = "Omniphob1a.SharedKernel", "SharedKernel\Omniphob1a.SharedKernel.csproj", "{080EFBF4-420C-4060-A0DA-78D0B9055E2C}"
EndProject
Global
	GlobalSection(SolutionConfigurationPlatforms) = preSolution
		Debug|Any CPU = Debug|Any CPU
		Release|Any CPU = Release|Any CPU
	EndGlobalSection
	GlobalSection(ProjectConfigurationPlatforms) = postSolution
		{080EFBF4-420C-4060-A0DA-78D0B9055E2C}.Debug|Any CPU.ActiveCfg = Debug|Any CPU
		{080EFBF4-420C-4060-A0DA-78D0B9055E2C}.Debug|Any CPU.Build.0 = Debug|Any CPU
		{080EFBF4-420C-4060-A0DA-78D0B9055E2C}.Release|Any CPU.ActiveCfg = Release|Any CPU
		{080EFBF4-420C-4060-A0DA-78D0B9055E2C}.Release|Any CPU.Build.0 = Release|Any CPU
	EndGlobalSection
	GlobalSection(SolutionProperties) = preSolution
		HideSolutionNode = FALSE
	EndGlobalSection
	GlobalSection(ExtensibilityGlobals) = postSolution
		SolutionGuid = {9E52211C-4306-4382-A097-5A2DC43E65EB}
	EndGlobalSection
EndGlobal
